
Microsoft Visual Studio Solution File, Format Version 12.00
# Visual Studio Version 16
VisualStudioVersion = 16.0.30611.23
MinimumVisualStudioVersion = 10.0.40219.1
Project("{2150E333-8FDC-42A3-9474-1A3956D46DE8}") = "Solution Items", "Solution Items", "{94FCE8A0-FF56-47C9-A072-0E7DC1FDD9A9}"
	ProjectSection(SolutionItems) = preProject
		.editorconfig = .editorconfig
		.gitignore = .gitignore
		LICENSE = LICENSE
		praxis.sln.DotSettings = praxis.sln.DotSettings
		README.md = README.md
		THIRD-PARTY-NOTICES.txt = THIRD-PARTY-NOTICES.txt
	EndProjectSection
EndProject
Project("{9A19103F-16F7-4668-BE54-9A1E7A4F7556}") = "praxis", "src\praxis\praxis.csproj", "{448F0FC3-B30B-4C9B-A3BE-9B5E7455A662}"
EndProject
Project("{9A19103F-16F7-4668-BE54-9A1E7A4F7556}") = "praxis.Tests", "test\praxis.Tests\praxis.Tests.csproj", "{2F328FFF-4881-4AE0-9759-E744B6214B45}"
EndProject
Global
	GlobalSection(SolutionConfigurationPlatforms) = preSolution
		Debug|Any CPU = Debug|Any CPU
		Release|Any CPU = Release|Any CPU
	EndGlobalSection
	GlobalSection(ProjectConfigurationPlatforms) = postSolution
		{448F0FC3-B30B-4C9B-A3BE-9B5E7455A662}.Debug|Any CPU.ActiveCfg = Debug|Any CPU
		{448F0FC3-B30B-4C9B-A3BE-9B5E7455A662}.Debug|Any CPU.Build.0 = Debug|Any CPU
		{448F0FC3-B30B-4C9B-A3BE-9B5E7455A662}.Release|Any CPU.ActiveCfg = Release|Any CPU
		{448F0FC3-B30B-4C9B-A3BE-9B5E7455A662}.Release|Any CPU.Build.0 = Release|Any CPU
		{2F328FFF-4881-4AE0-9759-E744B6214B45}.Debug|Any CPU.ActiveCfg = Debug|Any CPU
		{2F328FFF-4881-4AE0-9759-E744B6214B45}.Debug|Any CPU.Build.0 = Debug|Any CPU
		{2F328FFF-4881-4AE0-9759-E744B6214B45}.Release|Any CPU.ActiveCfg = Release|Any CPU
		{2F328FFF-4881-4AE0-9759-E744B6214B45}.Release|Any CPU.Build.0 = Release|Any CPU
	EndGlobalSection
	GlobalSection(SolutionProperties) = preSolution
		HideSolutionNode = FALSE
	EndGlobalSection
	GlobalSection(ExtensibilityGlobals) = postSolution
		SolutionGuid = {268A6CEB-F9EC-4BE4-A933-0010406AACDE}
	EndGlobalSection
EndGlobal
